{
    "_meta": {
        "hash": {
            "sha256": "3b371780abd59911b807d1e0adb7bd6f0f059dc0b755d800669238176f80caff"
        },
        "pipfile-spec": 6,
        "requires": {
            "python_version": "3.7"
        },
        "sources": [
            {
                "name": "pypi",
                "url": "https://pypi.org/simple",
                "verify_ssl": true
            }
        ]
    },
    "default": {
        "lxml": {
            "hashes": [
                "sha256:0537eee4902e8bf4f41bfee8133f7edf96533dd175930a12086d6a40d62376b2",
                "sha256:0562ec748abd230ab87d73384e08fa784f9b9cee89e28696087d2d22c052cc27",
                "sha256:09e91831e749fbf0f24608694e4573be0ef51430229450c39c83176cc2e2d353",
                "sha256:1ae4c0722fc70c0d4fba43ae33c2885f705e96dce1db41f75ae14a2d2749b428",
                "sha256:1c630c083d782cbaf1f7f37f6cac87bda9cff643cf2803a5f180f30d97955cef",
                "sha256:2fe74e3836bd8c0fa7467ffae05545233c7f37de1eb765cacfda15ad20c6574a",
                "sha256:37af783c2667ead34a811037bda56a0b142ac8438f7ed29ae93f82ddb812fbd6",
                "sha256:3f2d9eafbb0b24a33f56acd16f39fc935756524dcb3172892721c54713964c70",
                "sha256:47d8365a8ef14097aa4c65730689be51851b4ade677285a3b2daa03b37893e26",
                "sha256:510e904079bc56ea784677348e151e1156040dbfb736f1d8ea4b9e6d0ab2d9f4",
                "sha256:58d0851da422bba31c7f652a7e9335313cf94a641aa6d73b8f3c67602f75b593",
                "sha256:7940d5c2185ffb989203dacbb28e6ae88b4f1bb25d04e17f94b0edd82232bcbd",
                "sha256:7cf39bb3a905579836f7a8f3a45320d9eb22f16ab0c1e112efb940ced4d057a5",
                "sha256:9563a23c1456c0ab550c087833bc13fcc61013a66c6420921d5b70550ea312bf",
                "sha256:95b392952935947e0786a90b75cc33388549dcb19af716b525dae65b186138fc",
                "sha256:983129f3fd3cef5c3cf067adcca56e30a169656c00fcc6c648629dbb850b27fa",
                "sha256:a0b75b1f1854771844c647c464533def3e0a899dd094a85d1d4ed72ecaaee93d",
                "sha256:b5db89cc0ef624f3a81214b7961a99f443b8c91e88188376b6b322fd10d5b118",
                "sha256:c0a7751ba1a4bfbe7831920d98cee3ce748007eab8dfda74593d44079568219a",
                "sha256:c0c5a7d4aafcc30c9b6d8613a362567e32e5f5b708dc41bc3a81dac56f8af8bb",
                "sha256:d4d63d85eacc6cb37b459b16061e1f100d154bee89dc8d8f9a6128a5a538e92e",
                "sha256:da5e7e941d6e71c9c9a717c93725cda0708c2474f532e3680ac5e39ec57d224d",
                "sha256:dccad2b3c583f036f43f80ac99ee212c2fa9a45151358d55f13004d095e683b2",
                "sha256:df46307d39f2aeaafa1d25309b8a8d11738b73e9861f72d4d0a092528f498baa",
                "sha256:e70b5e1cb48828ddd2818f99b1662cb9226dc6f57d07fc75485405c77da17436",
                "sha256:ea825562b8cd057cbc9810d496b8b5dec37a1e2fc7b27bc7c1e72ce94462a09a"
            ],
            "version": "==4.3.1"
        },
        "python-docx": {
            "hashes": [
                "sha256:bc76ecac6b2d00ce6442a69d03a6f35c71cd72293cd8405a7472dfe317920024"
            ],
            "index": "pypi",
            "version": "==0.8.10"
        }
    },
    "develop": {
        "appdirs": {
            "hashes": [
                "sha256:9e5896d1372858f8dd3344faf4e5014d21849c756c8d5701f78f8a103b372d92",
                "sha256:d8b24664561d0d34ddfaec54636d502d7cea6e29c3eaf68f3df6180863e2166e"
            ],
            "version": "==1.4.3"
        },
        "appnope": {
            "hashes": [
                "sha256:5b26757dc6f79a3b7dc9fab95359328d5747fcb2409d331ea66d0272b90ab2a0",
                "sha256:8b995ffe925347a2138d7ac0fe77155e4311a0ea6d6da4f5128fe4b3cbe5ed71"
            ],
            "markers": "sys_platform == 'darwin'",
            "version": "==0.1.0"
        },
        "atomicwrites": {
            "hashes": [
                "sha256:03472c30eb2c5d1ba9227e4c2ca66ab8287fbfbbda3888aa93dc2e28fc6811b4",
                "sha256:75a9445bac02d8d058d5e1fe689654ba5a6556a1dfd8ce6ec55a0ed79866cfa6"
            ],
            "version": "==1.3.0"
        },
        "attrs": {
            "hashes": [
                "sha256:10cbf6e27dbce8c30807caf056c8eb50917e0eaafe86347671b57254006c3e69",
                "sha256:ca4be454458f9dec299268d472aaa5a11f67a4ff70093396e1ceae9c76cf4bbb"
            ],
            "version": "==18.2.0"
        },
        "backcall": {
            "hashes": [
                "sha256:38ecd85be2c1e78f77fd91700c76e14667dc21e2713b63876c0eb901196e01e4",
                "sha256:bbbf4b1e5cd2bdb08f915895b51081c041bac22394fdfcfdfbe9f14b77c08bf2"
            ],
            "version": "==0.1.0"
        },
        "black": {
            "editable": true,
            "git": "git://github.com/ambv/black.git",
            "ref": "41240e9a784fe11d9e1a76befaf09b7ab2d09893"
        },
        "click": {
            "hashes": [
                "sha256:2335065e6395b9e67ca716de5f7526736bfa6ceead690adf616d925bdc622b13",
                "sha256:5b94b49521f6456670fdb30cd82a4eca9412788a93fa6dd6df72c94d5a8ff2d7"
            ],
            "version": "==7.0"
        },
        "decorator": {
            "hashes": [
                "sha256:33cd704aea07b4c28b3eb2c97d288a06918275dac0ecebdaf1bc8a48d98adb9e",
                "sha256:cabb249f4710888a2fc0e13e9a16c343d932033718ff62e1e9bc93a9d3a9122b"
            ],
            "version": "==4.3.2"
        },
        "entrypoints": {
            "hashes": [
                "sha256:589f874b313739ad35be6e0cd7efde2a4e9b6fea91edcc34e58ecbb8dbe56d19",
                "sha256:c70dd71abe5a8c85e55e12c19bd91ccfeec11a6e99044204511f9ed547d48451"
            ],
            "version": "==0.3"
        },
        "faker": {
            "hashes": [
                "sha256:16342dca4d92bfc83bab6a7daf6650e0ab087605a66bc38f17523fdb01757910",
                "sha256:d871ea315b2dcba9138b8344f2c131a76ac62d6227ca39f69b0c889fec97376c"
            ],
            "index": "pypi",
            "version": "==1.0.2"
        },
        "flake8": {
            "hashes": [
                "sha256:c3ba1e130c813191db95c431a18cb4d20a468e98af7a77e2181b68574481ad36",
                "sha256:fd9ddf503110bf3d8b1d270e8c673aab29ccb3dd6abf29bae1f54e5116ab4a91"
            ],
            "index": "pypi",
            "version": "==3.7.5"
        },
        "ipdb": {
            "hashes": [
                "sha256:7081c65ed7bfe7737f83fa4213ca8afd9617b42ff6b3f1daf9a3419839a2a00a"
            ],
            "index": "pypi",
            "version": "==0.11"
        },
        "ipython": {
            "hashes": [
                "sha256:6a9496209b76463f1dec126ab928919aaf1f55b38beb9219af3fe202f6bbdd12",
                "sha256:f69932b1e806b38a7818d9a1e918e5821b685715040b48e59c657b3c7961b742"
            ],
            "index": "pypi",
            "version": "==7.2.0"
        },
        "ipython-genutils": {
            "hashes": [
                "sha256:72dd37233799e619666c9f639a9da83c34013a73e8bbc79a7a6348d93c61fab8",
                "sha256:eb2e116e75ecef9d4d228fdc66af54269afa26ab4463042e33785b887c628ba8"
            ],
            "version": "==0.2.0"
        },
        "isort": {
            "hashes": [
                "sha256:1153601da39a25b14ddc54955dbbacbb6b2d19135386699e2ad58517953b34af",
                "sha256:b9c40e9750f3d77e6e4d441d8b0266cf555e7cdabdcff33c4fd06366ca761ef8",
                "sha256:ec9ef8f4a9bc6f71eec99e1806bfa2de401650d996c59330782b89a5555c1497"
            ],
            "index": "pypi",
            "version": "==4.3.4"
        },
        "jedi": {
            "hashes": [
                "sha256:571702b5bd167911fe9036e5039ba67f820d6502832285cde8c881ab2b2149fd",
                "sha256:c8481b5e59d34a5c7c42e98f6625e633f6ef59353abea6437472c7ec2093f191"
            ],
            "version": "==0.13.2"
        },
        "mccabe": {
            "hashes": [
                "sha256:ab8a6258860da4b6677da4bd2fe5dc2c659cff31b3ee4f7f5d64e79735b80d42",
                "sha256:dd8d182285a0fe56bace7f45b5e7d1a6ebcbf524e8f3bd87eb0f125271b8831f"
            ],
            "version": "==0.6.1"
        },
        "more-itertools": {
            "hashes": [
                "sha256:0125e8f60e9e031347105eb1682cef932f5e97d7b9a1a28d9bf00c22a5daef40",
                "sha256:590044e3942351a1bdb1de960b739ff4ce277960f2425ad4509446dbace8d9d1"
            ],
            "markers": "python_version > '2.7'",
            "version": "==6.0.0"
        },
        "parso": {
            "hashes": [
                "sha256:4580328ae3f548b358f4901e38c0578229186835f0fa0846e47369796dd5bcc9",
                "sha256:68406ebd7eafe17f8e40e15a84b56848eccbf27d7c1feb89e93d8fca395706db"
            ],
            "version": "==0.3.4"
        },
        "pexpect": {
            "hashes": [
                "sha256:2a8e88259839571d1251d278476f3eec5db26deb73a70be5ed5dc5435e418aba",
                "sha256:3fbd41d4caf27fa4a377bfd16fef87271099463e6fa73e92a52f92dfee5d425b"
            ],
            "markers": "sys_platform != 'win32'",
            "version": "==4.6.0"
        },
        "pickleshare": {
            "hashes": [
                "sha256:87683d47965c1da65cdacaf31c8441d12b8044cdec9aca500cd78fc2c683afca",
                "sha256:9649af414d74d4df115d5d718f82acb59c9d418196b7b4290ed47a12ce62df56"
            ],
            "version": "==0.7.5"
        },
        "pluggy": {
            "hashes": [
                "sha256:8ddc32f03971bfdf900a81961a48ccf2fb677cf7715108f85295c67405798616",
                "sha256:980710797ff6a041e9a73a5787804f848996ecaa6f8a1b1e08224a5894f2074a"
            ],
            "version": "==0.8.1"
        },
        "prompt-toolkit": {
            "hashes": [
                "sha256:88002cc618cacfda8760c4539e76c3b3f148ecdb7035a3d422c7ecdc90c2a3ba",
                "sha256:c6655a12e9b08edb8cf5aeab4815fd1e1bdea4ad73d3bbf269cf2e0c4eb75d5e",
                "sha256:df5835fb8f417aa55e5cafadbaeb0cf630a1e824aad16989f9f0493e679ec010"
            ],
            "version": "==2.0.8"
        },
        "ptyprocess": {
            "hashes": [
                "sha256:923f299cc5ad920c68f2bc0bc98b75b9f838b93b599941a6b63ddbc2476394c0",
                "sha256:d7cc528d76e76342423ca640335bd3633420dc1366f258cb31d05e865ef5ca1f"
            ],
            "version": "==0.6.0"
        },
        "py": {
            "hashes": [
                "sha256:bf92637198836372b520efcba9e020c330123be8ce527e535d185ed4b6f45694",
                "sha256:e76826342cefe3c3d5f7e8ee4316b80d1dd8a300781612ddbc765c17ba25a6c6"
            ],
            "version": "==1.7.0"
        },
        "pycodestyle": {
            "hashes": [
                "sha256:95a2219d12372f05704562a14ec30bc76b05a5b297b21a5dfe3f6fac3491ae56",
                "sha256:e40a936c9a450ad81df37f549d676d127b1b66000a6c500caa2b085bc0ca976c"
            ],
            "version": "==2.5.0"
        },
        "pyflakes": {
            "hashes": [
                "sha256:5e8c00e30c464c99e0b501dc160b13a14af7f27d4dffb529c556e30a159e231d",
                "sha256:f277f9ca3e55de669fba45b7393a1449009cff5a37d1af10ebb76c52765269cd"
            ],
            "version": "==2.1.0"
        },
        "pygments": {
            "hashes": [
                "sha256:5ffada19f6203563680669ee7f53b64dabbeb100eb51b61996085e99c03b284a",
                "sha256:e8218dd399a61674745138520d0d4cf2621d7e032439341bc3f647bff125818d"
            ],
            "version": "==2.3.1"
        },
        "pytest": {
            "hashes": [
                "sha256:80cfd9c8b9e93f419abcc0400e9f595974a98e44b6863a77d3e1039961bfc9c4",
                "sha256:c2396a15726218a2dfef480861c4ba37bd3952ebaaa5b0fede3fc23fddcd7f8c"
            ],
            "index": "pypi",
            "version": "==4.2.1"
        },
        "python-dateutil": {
            "hashes": [
                "sha256:7e6584c74aeed623791615e26efd690f29817a27c73085b78e4bad02493df2fb",
                "sha256:c89805f6f4d64db21ed966fda138f8a5ed7a4fdbc1a8ee329ce1b74e3c74da9e"
            ],
            "version": "==2.8.0"
        },
        "six": {
            "hashes": [
                "sha256:3350809f0555b11f552448330d0b52d5f24c91a322ea4a15ef22629740f3761c",
                "sha256:d16a0141ec1a18405cd4ce8b4613101da75da0e9a7aec5bdd4fa804d0e0eba73"
            ],
            "version": "==1.12.0"
        },
        "text-unidecode": {
            "hashes": [
                "sha256:5a1375bb2ba7968740508ae38d92e1f889a0832913cb1c447d5e2046061a396d",
                "sha256:801e38bd550b943563660a91de8d4b6fa5df60a542be9093f7abf819f86050cc"
            ],
            "version": "==1.2"
        },
        "toml": {
            "hashes": [
                "sha256:229f81c57791a41d65e399fc06bf0848bab550a9dfd5ed66df18ce5f05e73d5c",
                "sha256:235682dd292d5899d361a811df37e04a8828a5b1da3115886b73cf81ebc9100e"
            ],
            "version": "==0.10.0"
        },
        "traitlets": {
            "hashes": [
                "sha256:9c4bd2d267b7153df9152698efb1050a5d84982d3384a37b2c1f7723ba3e7835",
                "sha256:c6cb5e6f57c5a9bdaa40fa71ce7b4af30298fbab9ece9815b5d995ab6217c7d9"
            ],
            "version": "==4.3.2"
        },
        "wcwidth": {
            "hashes": [
                "sha256:3df37372226d6e63e1b1e1eda15c594bca98a22d33a23832a90998faa96bc65e",
                "sha256:f4ebe71925af7b40a864553f761ed559b43544f8f71746c2d756c7fe788ade7c"
            ],
            "version": "==0.1.7"
        }
    }
}
